
Microsoft Visual Studio Solution File, Format Version 12.00
# Visual Studio Version 17
VisualStudioVersion = 17.2.32505.173
MinimumVisualStudioVersion = 10.0.40219.1
Project("{FAE04EC0-301F-11D3-BF4B-00C04F79EFBC}") = "dossier", "dossier\dossier.csproj", "{32374B92-430B-4F22-B4BA-F040DA61088F}"
EndProject
Global
	GlobalSection(SolutionConfigurationPlatforms) = preSolution
		Debug|Any CPU = Debug|Any CPU
		Release|Any CPU = Release|Any CPU
	EndGlobalSection
	GlobalSection(ProjectConfigurationPlatforms) = postSolution
		{32374B92-430B-4F22-B4BA-F040DA61088F}.Debug|Any CPU.ActiveCfg = Debug|Any CPU
		{32374B92-430B-4F22-B4BA-F040DA61088F}.Debug|Any CPU.Build.0 = Debug|Any CPU
		{32374B92-430B-4F22-B4BA-F040DA61088F}.Release|Any CPU.ActiveCfg = Release|Any CPU
		{32374B92-430B-4F22-B4BA-F040DA61088F}.Release|Any CPU.Build.0 = Release|Any CPU
	EndGlobalSection
	GlobalSection(SolutionProperties) = preSolution
		HideSolutionNode = FALSE
	EndGlobalSection
	GlobalSection(ExtensibilityGlobals) = postSolution
		SolutionGuid = {8D407035-4F42-4463-9363-44CD52E19C52}
	EndGlobalSection
EndGlobal
